
Microsoft Visual Studio Solution File, Format Version 12.00
# Visual Studio Version 17
VisualStudioVersion = 17.8.34408.163
MinimumVisualStudioVersion = 10.0.40219.1
Project("{FAE04EC0-301F-11D3-BF4B-00C04F79EFBC}") = "Activity2", "Activity2\Activity2.csproj", "{2A6CB06C-75F8-4446-AD71-56BD0C1C6288}"
EndProject
Global
	GlobalSection(SolutionConfigurationPlatforms) = preSolution
		Debug|Any CPU = Debug|Any CPU
		Release|Any CPU = Release|Any CPU
	EndGlobalSection
	GlobalSection(ProjectConfigurationPlatforms) = postSolution
		{2A6CB06C-75F8-4446-AD71-56BD0C1C6288}.Debug|Any CPU.ActiveCfg = Debug|Any CPU
		{2A6CB06C-75F8-4446-AD71-56BD0C1C6288}.Debug|Any CPU.Build.0 = Debug|Any CPU
		{2A6CB06C-75F8-4446-AD71-56BD0C1C6288}.Release|Any CPU.ActiveCfg = Release|Any CPU
		{2A6CB06C-75F8-4446-AD71-56BD0C1C6288}.Release|Any CPU.Build.0 = Release|Any CPU
	EndGlobalSection
	GlobalSection(SolutionProperties) = preSolution
		HideSolutionNode = FALSE
	EndGlobalSection
	GlobalSection(ExtensibilityGlobals) = postSolution
		SolutionGuid = {B9292BE0-FA09-4015-944A-E36A14BF2804}
	EndGlobalSection
EndGlobal
