
Microsoft Visual Studio Solution File, Format Version 12.00
# Visual Studio Version 17
VisualStudioVersion = 17.8.34408.163
MinimumVisualStudioVersion = 10.0.40219.1
Project("{FAE04EC0-301F-11D3-BF4B-00C04F79EFBC}") = "Acitvity-Quiz1", "Acitvity-Quiz1\Acitvity-Quiz1.csproj", "{471C20C8-8901-473F-A3FD-C6C90F057E1A}"
EndProject
Global
	GlobalSection(SolutionConfigurationPlatforms) = preSolution
		Debug|Any CPU = Debug|Any CPU
		Release|Any CPU = Release|Any CPU
	EndGlobalSection
	GlobalSection(ProjectConfigurationPlatforms) = postSolution
		{471C20C8-8901-473F-A3FD-C6C90F057E1A}.Debug|Any CPU.ActiveCfg = Debug|Any CPU
		{471C20C8-8901-473F-A3FD-C6C90F057E1A}.Debug|Any CPU.Build.0 = Debug|Any CPU
		{471C20C8-8901-473F-A3FD-C6C90F057E1A}.Release|Any CPU.ActiveCfg = Release|Any CPU
		{471C20C8-8901-473F-A3FD-C6C90F057E1A}.Release|Any CPU.Build.0 = Release|Any CPU
	EndGlobalSection
	GlobalSection(SolutionProperties) = preSolution
		HideSolutionNode = FALSE
	EndGlobalSection
	GlobalSection(ExtensibilityGlobals) = postSolution
		SolutionGuid = {CBAEAD14-CD6F-4D2A-88D3-5E613A8C94CD}
	EndGlobalSection
EndGlobal
